
Microsoft Visual Studio Solution File, Format Version 12.00
# Visual Studio Version 17
VisualStudioVersion = 17.0.31903.59
MinimumVisualStudioVersion = 10.0.40219.1
Project("{FAE04EC0-301F-11D3-BF4B-00C04F79EFBC}") = "Spoken.Core", "Spoken.Core\Spoken.Core.csproj", "{A634D813-9762-4B40-8DAC-D529487CADF3}"
EndProject
Project("{FAE04EC0-301F-11D3-BF4B-00C04F79EFBC}") = "Spoken.Cli", "Spoken.Cli\Spoken.Cli.csproj", "{5EBB6F80-2C7F-4273-86DE-E7A18F8C5023}"
EndProject
Project("{FAE04EC0-301F-11D3-BF4B-00C04F79EFBC}") = "Spoken.App", "Spoken.App\Spoken.App.csproj", "{BA0265DB-2310-4C2B-8CE5-EC05A871FAFF}"
EndProject
Global
	GlobalSection(SolutionConfigurationPlatforms) = preSolution
		Debug|Any CPU = Debug|Any CPU
		Release|Any CPU = Release|Any CPU
	EndGlobalSection
	GlobalSection(SolutionProperties) = preSolution
		HideSolutionNode = FALSE
	EndGlobalSection
	GlobalSection(ProjectConfigurationPlatforms) = postSolution
		{A634D813-9762-4B40-8DAC-D529487CADF3}.Debug|Any CPU.ActiveCfg = Debug|Any CPU
		{A634D813-9762-4B40-8DAC-D529487CADF3}.Debug|Any CPU.Build.0 = Debug|Any CPU
		{A634D813-9762-4B40-8DAC-D529487CADF3}.Release|Any CPU.ActiveCfg = Release|Any CPU
		{A634D813-9762-4B40-8DAC-D529487CADF3}.Release|Any CPU.Build.0 = Release|Any CPU
		{5EBB6F80-2C7F-4273-86DE-E7A18F8C5023}.Debug|Any CPU.ActiveCfg = Debug|Any CPU
		{5EBB6F80-2C7F-4273-86DE-E7A18F8C5023}.Debug|Any CPU.Build.0 = Debug|Any CPU
		{5EBB6F80-2C7F-4273-86DE-E7A18F8C5023}.Release|Any CPU.ActiveCfg = Release|Any CPU
		{5EBB6F80-2C7F-4273-86DE-E7A18F8C5023}.Release|Any CPU.Build.0 = Release|Any CPU
		{BA0265DB-2310-4C2B-8CE5-EC05A871FAFF}.Debug|Any CPU.ActiveCfg = Debug|Any CPU
		{BA0265DB-2310-4C2B-8CE5-EC05A871FAFF}.Debug|Any CPU.Build.0 = Debug|Any CPU
		{BA0265DB-2310-4C2B-8CE5-EC05A871FAFF}.Release|Any CPU.ActiveCfg = Release|Any CPU
		{BA0265DB-2310-4C2B-8CE5-EC05A871FAFF}.Release|Any CPU.Build.0 = Release|Any CPU
	EndGlobalSection
EndGlobal
